
Microsoft Visual Studio Solution File, Format Version 12.00
# Visual Studio Version 16
VisualStudioVersion = 16.0.30128.74
MinimumVisualStudioVersion = 10.0.40219.1
Project("{FAE04EC0-301F-11D3-BF4B-00C04F79EFBC}") = "Introducao", "Introducao\Introducao.csproj", "{C43A3FE8-6780-415E-A07F-C6797FB130D5}"
EndProject
Global
	GlobalSection(SolutionConfigurationPlatforms) = preSolution
		Debug|Any CPU = Debug|Any CPU
		Release|Any CPU = Release|Any CPU
	EndGlobalSection
	GlobalSection(ProjectConfigurationPlatforms) = postSolution
		{C43A3FE8-6780-415E-A07F-C6797FB130D5}.Debug|Any CPU.ActiveCfg = Debug|Any CPU
		{C43A3FE8-6780-415E-A07F-C6797FB130D5}.Debug|Any CPU.Build.0 = Debug|Any CPU
		{C43A3FE8-6780-415E-A07F-C6797FB130D5}.Release|Any CPU.ActiveCfg = Release|Any CPU
		{C43A3FE8-6780-415E-A07F-C6797FB130D5}.Release|Any CPU.Build.0 = Release|Any CPU
	EndGlobalSection
	GlobalSection(SolutionProperties) = preSolution
		HideSolutionNode = FALSE
	EndGlobalSection
	GlobalSection(ExtensibilityGlobals) = postSolution
		SolutionGuid = {A7C02F61-F353-4325-B96A-47CCB03B4A65}
	EndGlobalSection
EndGlobal
